
Microsoft Visual Studio Solution File, Format Version 12.00
# Visual Studio Version 17
VisualStudioVersion = 17.10.34928.147
MinimumVisualStudioVersion = 10.0.40219.1
Project("{FAE04EC0-301F-11D3-BF4B-00C04F79EFBC}") = "WebAPI", "WebAPI\WebAPI.csproj", "{04DA911E-3DF2-4B37-9FC9-B848E4C7CA3A}"
EndProject
Project("{FAE04EC0-301F-11D3-BF4B-00C04F79EFBC}") = "Logic", "Logic\Logic.csproj", "{97BF3798-5957-4C67-A8AD-8FE03B80D914}"
EndProject
Project("{FAE04EC0-301F-11D3-BF4B-00C04F79EFBC}") = "DAL", "DAL\DAL.csproj", "{A648275F-265F-43F3-88BD-FE4AE79C6F18}"
EndProject
Project("{FAE04EC0-301F-11D3-BF4B-00C04F79EFBC}") = "Model", "Model\Model.csproj", "{0BE5B983-365C-47A0-94EB-E99BC0733BF3}"
EndProject
Global
	GlobalSection(SolutionConfigurationPlatforms) = preSolution
		Debug|Any CPU = Debug|Any CPU
		Release|Any CPU = Release|Any CPU
	EndGlobalSection
	GlobalSection(ProjectConfigurationPlatforms) = postSolution
		{04DA911E-3DF2-4B37-9FC9-B848E4C7CA3A}.Debug|Any CPU.ActiveCfg = Debug|Any CPU
		{04DA911E-3DF2-4B37-9FC9-B848E4C7CA3A}.Debug|Any CPU.Build.0 = Debug|Any CPU
		{04DA911E-3DF2-4B37-9FC9-B848E4C7CA3A}.Release|Any CPU.ActiveCfg = Release|Any CPU
		{04DA911E-3DF2-4B37-9FC9-B848E4C7CA3A}.Release|Any CPU.Build.0 = Release|Any CPU
		{97BF3798-5957-4C67-A8AD-8FE03B80D914}.Debug|Any CPU.ActiveCfg = Debug|Any CPU
		{97BF3798-5957-4C67-A8AD-8FE03B80D914}.Debug|Any CPU.Build.0 = Debug|Any CPU
		{97BF3798-5957-4C67-A8AD-8FE03B80D914}.Release|Any CPU.ActiveCfg = Release|Any CPU
		{97BF3798-5957-4C67-A8AD-8FE03B80D914}.Release|Any CPU.Build.0 = Release|Any CPU
		{A648275F-265F-43F3-88BD-FE4AE79C6F18}.Debug|Any CPU.ActiveCfg = Debug|Any CPU
		{A648275F-265F-43F3-88BD-FE4AE79C6F18}.Debug|Any CPU.Build.0 = Debug|Any CPU
		{A648275F-265F-43F3-88BD-FE4AE79C6F18}.Release|Any CPU.ActiveCfg = Release|Any CPU
		{A648275F-265F-43F3-88BD-FE4AE79C6F18}.Release|Any CPU.Build.0 = Release|Any CPU
		{0BE5B983-365C-47A0-94EB-E99BC0733BF3}.Debug|Any CPU.ActiveCfg = Debug|Any CPU
		{0BE5B983-365C-47A0-94EB-E99BC0733BF3}.Debug|Any CPU.Build.0 = Debug|Any CPU
		{0BE5B983-365C-47A0-94EB-E99BC0733BF3}.Release|Any CPU.ActiveCfg = Release|Any CPU
		{0BE5B983-365C-47A0-94EB-E99BC0733BF3}.Release|Any CPU.Build.0 = Release|Any CPU
	EndGlobalSection
	GlobalSection(SolutionProperties) = preSolution
		HideSolutionNode = FALSE
	EndGlobalSection
	GlobalSection(ExtensibilityGlobals) = postSolution
		SolutionGuid = {05BD755C-74B1-4D19-9A66-3488B4551DAC}
	EndGlobalSection
EndGlobal
